// !$*UTF8*$!
{
	archiveVersion = 1;
	classes = {
	};
	objectVersion = 48;
	objects = {

/* Begin PBXBuildFile section */
		550EF16820C517070077B34C /* AppDelegate.swift in Sources */ = {isa = PBXBuildFile; fileRef = 550EF16720C517070077B34C /* AppDelegate.swift */; };
		550EF16A20C517070077B34C /* FirstViewController.swift in Sources */ = {isa = PBXBuildFile; fileRef = 550EF16920C517070077B34C /* FirstViewController.swift */; };
		550EF16C20C517070077B34C /* SecondViewController.swift in Sources */ = {isa = PBXBuildFile; fileRef = 550EF16B20C517070077B34C /* SecondViewController.swift */; };
		550EF16F20C517070077B34C /* Main.storyboard in Resources */ = {isa = PBXBuildFile; fileRef = 550EF16D20C517070077B34C /* Main.storyboard */; };
		550EF17120C517070077B34C /* Assets.xcassets in Resources */ = {isa = PBXBuildFile; fileRef = 550EF17020C517070077B34C /* Assets.xcassets */; };
		550EF17420C517070077B34C /* LaunchScreen.storyboard in Resources */ = {isa = PBXBuildFile; fileRef = 550EF17220C517070077B34C /* LaunchScreen.storyboard */; };
		550EF17F20C517070077B34C /* TabExampleTests.swift in Sources */ = {isa = PBXBuildFile; fileRef = 550EF17E20C517070077B34C /* TabExampleTests.swift */; };
/* End PBXBuildFile section */

/* Begin PBXContainerItemProxy section */
		550EF17B20C517070077B34C /* PBXContainerItemProxy */ = {
			isa = PBXContainerItemProxy;
			containerPortal = 550EF15C20C517050077B34C /* Project object */;
			proxyType = 1;
			remoteGlobalIDString = 550EF16320C517060077B34C;
			remoteInfo = TabExample;
		};
/* End PBXContainerItemProxy section */

/* Begin PBXFileReference section */
		550EF16420C517060077B34C /* TabExample.app */ = {isa = PBXFileReference; explicitFileType = wrapper.application; includeInIndex = 0; path = TabExample.app; sourceTree = BUILT_PRODUCTS_DIR; };
		550EF16720C517070077B34C /* AppDelegate.swift */ = {isa = PBXFileReference; lastKnownFileType = sourcecode.swift; path = AppDelegate.swift; sourceTree = "<group>"; };
		550EF16920C517070077B34C /* FirstViewController.swift */ = {isa = PBXFileReference; lastKnownFileType = sourcecode.swift; path = FirstViewController.swift; sourceTree = "<group>"; };
		550EF16B20C517070077B34C /* SecondViewController.swift */ = {isa = PBXFileReference; lastKnownFileType = sourcecode.swift; path = SecondViewController.swift; sourceTree = "<group>"; };
		550EF16E20C517070077B34C /* Base */ = {isa = PBXFileReference; lastKnownFileType = file.storyboard; name = Base; path = Base.lproj/Main.storyboard; sourceTree = "<group>"; };
		550EF17020C517070077B34C /* Assets.xcassets */ = {isa = PBXFileReference; lastKnownFileType = folder.assetcatalog; path = Assets.xcassets; sourceTree = "<group>"; };
		550EF17320C517070077B34C /* Base */ = {isa = PBXFileReference; lastKnownFileType = file.storyboard; name = Base; path = Base.lproj/LaunchScreen.storyboard; sourceTree = "<group>"; };
		550EF17520C517070077B34C /* Info.plist */ = {isa = PBXFileReference; lastKnownFileType = text.plist.xml; path = Info.plist; sourceTree = "<group>"; };
		550EF17A20C517070077B34C /* TabExampleTests.xctest */ = {isa = PBXFileReference; explicitFileType = wrapper.cfbundle; includeInIndex = 0; path = TabExampleTests.xctest; sourceTree = BUILT_PRODUCTS_DIR; };
		550EF17E20C517070077B34C /* TabExampleTests.swift */ = {isa = PBXFileReference; lastKnownFileType = sourcecode.swift; path = TabExampleTests.swift; sourceTree = "<group>"; };
		550EF18020C517070077B34C /* Info.plist */ = {isa = PBXFileReference; lastKnownFileType = text.plist.xml; path = Info.plist; sourceTree = "<group>"; };
/* End PBXFileReference section */

/* Begin PBXFrameworksBuildPhase section */
		550EF16120C517060077B34C /* Frameworks */ = {
			isa = PBXFrameworksBuildPhase;
			buildActionMask = 2147483647;
			files = (
			);
			runOnlyForDeploymentPostprocessing = 0;
		};
		550EF17720C517070077B34C /* Frameworks */ = {
			isa = PBXFrameworksBuildPhase;
			buildActionMask = 2147483647;
			files = (
			);
			runOnlyForDeploymentPostprocessing = 0;
		};
/* End PBXFrameworksBuildPhase section */

/* Begin PBXGroup section */
		550EF15B20C517050077B34C = {
			isa = PBXGroup;
			children = (
				550EF16620C517060077B34C /* TabExample */,
				550EF17D20C517070077B34C /* TabExampleTests */,
				550EF16520C517060077B34C /* Products */,
			);
			sourceTree = "<group>";
		};
		550EF16520C517060077B34C /* Products */ = {
			isa = PBXGroup;
			children = (
				550EF16420C517060077B34C /* TabExample.app */,
				550EF17A20C517070077B34C /* TabExampleTests.xctest */,
			);
			name = Products;
			sourceTree = "<group>";
		};
		550EF16620C517060077B34C /* TabExample */ = {
			isa = PBXGroup;
			children = (
				550EF16720C517070077B34C /* AppDelegate.swift */,
				550EF16920C517070077B34C /* FirstViewController.swift */,
				550EF16B20C517070077B34C /* SecondViewController.swift */,
				550EF16D20C517070077B34C /* Main.storyboard */,
				550EF17020C517070077B34C /* Assets.xcassets */,
				550EF17220C517070077B34C /* LaunchScreen.storyboard */,
				550EF17520C517070077B34C /* Info.plist */,
			);
			path = TabExample;
			sourceTree = "<group>";
		};
		550EF17D20C517070077B34C /* TabExampleTests */ = {
			isa = PBXGroup;
			children = (
				550EF17E20C517070077B34C /* TabExampleTests.swift */,
				550EF18020C517070077B34C /* Info.plist */,
			);
			path = TabExampleTests;
			sourceTree = "<group>";
		};
/* End PBXGroup section */

/* Begin PBXNativeTarget section */
		550EF16320C517060077B34C /* TabExample */ = {
			isa = PBXNativeTarget;
			buildConfigurationList = 550EF18320C517080077B34C /* Build configuration list for PBXNativeTarget "TabExample" */;
			buildPhases = (
				550EF16020C517060077B34C /* Sources */,
				550EF16120C517060077B34C /* Frameworks */,
				550EF16220C517060077B34C /* Resources */,
			);
			buildRules = (
			);
			dependencies = (
			);
			name = TabExample;
			productName = TabExample;
			productReference = 550EF16420C517060077B34C /* TabExample.app */;
			productType = "com.apple.product-type.application";
		};
		550EF17920C517070077B34C /* TabExampleTests */ = {
			isa = PBXNativeTarget;
			buildConfigurationList = 550EF18620C517080077B34C /* Build configuration list for PBXNativeTarget "TabExampleTests" */;
			buildPhases = (
				550EF17620C517070077B34C /* Sources */,
				550EF17720C517070077B34C /* Frameworks */,
				550EF17820C517070077B34C /* Resources */,
			);
			buildRules = (
			);
			dependencies = (
				550EF17C20C517070077B34C /* PBXTargetDependency */,
			);
			name = TabExampleTests;
			productName = TabExampleTests;
			productReference = 550EF17A20C517070077B34C /* TabExampleTests.xctest */;
			productType = "com.apple.product-type.bundle.unit-test";
		};
/* End PBXNativeTarget section */

/* Begin PBXProject section */
		550EF15C20C517050077B34C /* Project object */ = {
			isa = PBXProject;
			attributes = {
				LastSwiftUpdateCheck = 0920;
				LastUpgradeCheck = 0920;
				ORGANIZATIONNAME = hSenid;
				TargetAttributes = {
					550EF16320C517060077B34C = {
						CreatedOnToolsVersion = 9.2;
						ProvisioningStyle = Automatic;
					};
					550EF17920C517070077B34C = {
						CreatedOnToolsVersion = 9.2;
						ProvisioningStyle = Automatic;
						TestTargetID = 550EF16320C517060077B34C;
					};
				};
			};
			buildConfigurationList = 550EF15F20C517050077B34C /* Build configuration list for PBXProject "TabExample" */;
			compatibilityVersion = "Xcode 8.0";
			developmentRegion = en;
			hasScannedForEncodings = 0;
			knownRegions = (
				en,
				Base,
			);
			mainGroup = 550EF15B20C517050077B34C;
			productRefGroup = 550EF16520C517060077B34C /* Products */;
			projectDirPath = "";
			projectRoot = "";
			targets = (
				550EF16320C517060077B34C /* TabExample */,
				550EF17920C517070077B34C /* TabExampleTests */,
			);
		};
/* End PBXProject section */

/* Begin PBXResourcesBuildPhase section */
		550EF16220C517060077B34C /* Resources */ = {
			isa = PBXResourcesBuildPhase;
			buildActionMask = 2147483647;
			files = (
				550EF17420C517070077B34C /* LaunchScreen.storyboard in Resources */,
				550EF17120C517070077B34C /* Assets.xcassets in Resources */,
				550EF16F20C517070077B34C /* Main.storyboard in Resources */,
			);
			runOnlyForDeploymentPostprocessing = 0;
		};
		550EF17820C517070077B34C /* Resources */ = {
			isa = PBXResourcesBuildPhase;
			buildActionMask = 2147483647;
			files = (
			);
			runOnlyForDeploymentPostprocessing = 0;
		};
/* End PBXResourcesBuildPhase section */

/* Begin PBXSourcesBuildPhase section */
		550EF16020C517060077B34C /* Sources */ = {
			isa = PBXSourcesBuildPhase;
			buildActionMask = 2147483647;
			files = (
				550EF16C20C517070077B34C /* SecondViewController.swift in Sources */,
				550EF16820C517070077B34C /* AppDelegate.swift in Sources */,
				550EF16A20C517070077B34C /* FirstViewController.swift in Sources */,
			);
			runOnlyForDeploymentPostprocessing = 0;
		};
		550EF17620C517070077B34C /* Sources */ = {
			isa = PBXSourcesBuildPhase;
			buildActionMask = 2147483647;
			files = (
				550EF17F20C517070077B34C /* TabExampleTests.swift in Sources */,
			);
			runOnlyForDeploymentPostprocessing = 0;
		};
/* End PBXSourcesBuildPhase section */

/* Begin PBXTargetDependency section */
		550EF17C20C517070077B34C /* PBXTargetDependency */ = {
			isa = PBXTargetDependency;
			target = 550EF16320C517060077B34C /* TabExample */;
			targetProxy = 550EF17B20C517070077B34C /* PBXContainerItemProxy */;
		};
/* End PBXTargetDependency section */

/* Begin PBXVariantGroup section */
		550EF16D20C517070077B34C /* Main.storyboard */ = {
			isa = PBXVariantGroup;
			children = (
				550EF16E20C517070077B34C /* Base */,
			);
			name = Main.storyboard;
			sourceTree = "<group>";
		};
		550EF17220C517070077B34C /* LaunchScreen.storyboard */ = {
			isa = PBXVariantGroup;
			children = (
				550EF17320C517070077B34C /* Base */,
			);
			name = LaunchScreen.storyboard;
			sourceTree = "<group>";
		};
/* End PBXVariantGroup section */

/* Begin XCBuildConfiguration section */
		550EF18120C517080077B34C /* Debug */ = {
			isa = XCBuildConfiguration;
			buildSettings = {
				ALWAYS_SEARCH_USER_PATHS = NO;
				CLANG_ANALYZER_NONNULL = YES;
				CLANG_ANALYZER_NUMBER_OBJECT_CONVERSION = YES_AGGRESSIVE;
				CLANG_CXX_LANGUAGE_STANDARD = "gnu++14";
				CLANG_CXX_LIBRARY = "libc++";
				CLANG_ENABLE_MODULES = YES;
				CLANG_ENABLE_OBJC_ARC = YES;
				CLANG_WARN_BLOCK_CAPTURE_AUTORELEASING = YES;
				CLANG_WARN_BOOL_CONVERSION = YES;
				CLANG_WARN_COMMA = YES;
				CLANG_WARN_CONSTANT_CONVERSION = YES;
				CLANG_WARN_DIRECT_OBJC_ISA_USAGE = YES_ERROR;
				CLANG_WARN_DOCUMENTATION_COMMENTS = YES;
				CLANG_WARN_EMPTY_BODY = YES;
				CLANG_WARN_ENUM_CONVERSION = YES;
				CLANG_WARN_INFINITE_RECURSION = YES;
				CLANG_WARN_INT_CONVERSION = YES;
				CLANG_WARN_NON_LITERAL_NULL_CONVERSION = YES;
				CLANG_WARN_OBJC_LITERAL_CONVERSION = YES;
				CLANG_WARN_OBJC_ROOT_CLASS = YES_ERROR;
				CLANG_WARN_RANGE_LOOP_ANALYSIS = YES;
				CLANG_WARN_STRICT_PROTOTYPES = YES;
				CLANG_WARN_SUSPICIOUS_MOVE = YES;
				CLANG_WARN_UNGUARDED_AVAILABILITY = YES_AGGRESSIVE;
				CLANG_WARN_UNREACHABLE_CODE = YES;
				CLANG_WARN__DUPLICATE_METHOD_MATCH = YES;
				CODE_SIGN_IDENTITY = "iPhone Developer";
				COPY_PHASE_STRIP = NO;
				DEBUG_INFORMATION_FORMAT = dwarf;
				ENABLE_STRICT_OBJC_MSGSEND = YES;
				ENABLE_TESTABILITY = YES;
				GCC_C_LANGUAGE_STANDARD = gnu11;
				GCC_DYNAMIC_NO_PIC = NO;
				GCC_NO_COMMON_BLOCKS = YES;
				GCC_OPTIMIZATION_LEVEL = 0;
				GCC_PREPROCESSOR_DEFINITIONS = (
					"DEBUG=1",
					"$(inherited)",
				);
				GCC_WARN_64_TO_32_BIT_CONVERSION = YES;
				GCC_WARN_ABOUT_RETURN_TYPE = YES_ERROR;
				GCC_WARN_UNDECLARED_SELECTOR = YES;
				GCC_WARN_UNINITIALIZED_AUTOS = YES_AGGRESSIVE;
				GCC_WARN_UNUSED_FUNCTION = YES;
				GCC_WARN_UNUSED_VARIABLE = YES;
				IPHONEOS_DEPLOYMENT_TARGET = 11.2;
				MTL_ENABLE_DEBUG_INFO = YES;
				ONLY_ACTIVE_ARCH = YES;
				SDKROOT = iphoneos;
				SWIFT_ACTIVE_COMPILATION_CONDITIONS = DEBUG;
				SWIFT_OPTIMIZATION_LEVEL = "-Onone";
			};
			name = Debug;
		};
		550EF18220C517080077B34C /* Release */ = {
			isa = XCBuildConfiguration;
			buildSettings = {
				ALWAYS_SEARCH_USER_PATHS = NO;
				CLANG_ANALYZER_NONNULL = YES;
				CLANG_ANALYZER_NUMBER_OBJECT_CONVERSION = YES_AGGRESSIVE;
				CLANG_CXX_LANGUAGE_STANDARD = "gnu++14";
				CLANG_CXX_LIBRARY = "libc++";
				CLANG_ENABLE_MODULES = YES;
				CLANG_ENABLE_OBJC_ARC = YES;
				CLANG_WARN_BLOCK_CAPTURE_AUTORELEASING = YES;
				CLANG_WARN_BOOL_CONVERSION = YES;
				CLANG_WARN_COMMA = YES;
				CLANG_WARN_CONSTANT_CONVERSION = YES;
				CLANG_WARN_DIRECT_OBJC_ISA_USAGE = YES_ERROR;
				CLANG_WARN_DOCUMENTATION_COMMENTS = YES;
				CLANG_WARN_EMPTY_BODY = YES;
				CLANG_WARN_ENUM_CONVERSION = YES;
				CLANG_WARN_INFINITE_RECURSION = YES;
				CLANG_WARN_INT_CONVERSION = YES;
				CLANG_WARN_NON_LITERAL_NULL_CONVERSION = YES;
				CLANG_WARN_OBJC_LITERAL_CONVERSION = YES;
				CLANG_WARN_OBJC_ROOT_CLASS = YES_ERROR;
				CLANG_WARN_RANGE_LOOP_ANALYSIS = YES;
				CLANG_WARN_STRICT_PROTOTYPES = YES;
				CLANG_WARN_SUSPICIOUS_MOVE = YES;
				CLANG_WARN_UNGUARDED_AVAILABILITY = YES_AGGRESSIVE;
				CLANG_WARN_UNREACHABLE_CODE = YES;
				CLANG_WARN__DUPLICATE_METHOD_MATCH = YES;
				CODE_SIGN_IDENTITY = "iPhone Developer";
				COPY_PHASE_STRIP = NO;
				DEBUG_INFORMATION_FORMAT = "dwarf-with-dsym";
				ENABLE_NS_ASSERTIONS = NO;
				ENABLE_STRICT_OBJC_MSGSEND = YES;
				GCC_C_LANGUAGE_STANDARD = gnu11;
				GCC_NO_COMMON_BLOCKS = YES;
				GCC_WARN_64_TO_32_BIT_CONVERSION = YES;
				GCC_WARN_ABOUT_RETURN_TYPE = YES_ERROR;
				GCC_WARN_UNDECLARED_SELECTOR = YES;
				GCC_WARN_UNINITIALIZED_AUTOS = YES_AGGRESSIVE;
				GCC_WARN_UNUSED_FUNCTION = YES;
				GCC_WARN_UNUSED_VARIABLE = YES;
				IPHONEOS_DEPLOYMENT_TARGET = 11.2;
				MTL_ENABLE_DEBUG_INFO = NO;
				SDKROOT = iphoneos;
				SWIFT_OPTIMIZATION_LEVEL = "-Owholemodule";
				VALIDATE_PRODUCT = YES;
			};
			name = Release;
		};
		550EF18420C517080077B34C /* Debug */ = {
			isa = XCBuildConfiguration;
			buildSettings = {
				ASSETCATALOG_COMPILER_APPICON_NAME = AppIcon;
				CODE_SIGN_STYLE = Automatic;
				DEVELOPMENT_TEAM = PFRM48W6T3;
				INFOPLIST_FILE = TabExample/Info.plist;
				IPHONEOS_DEPLOYMENT_TARGET = 9.3;
				LD_RUNPATH_SEARCH_PATHS = "$(inherited) @executable_path/Frameworks";
				PRODUCT_BUNDLE_IDENTIFIER = hms.TabExample;
				PRODUCT_NAME = "$(TARGET_NAME)";
				SWIFT_VERSION = 4.0;
				TARGETED_DEVICE_FAMILY = "1,2";
			};
			name = Debug;
		};
		550EF18520C517080077B34C /* Release */ = {
			isa = XCBuildConfiguration;
			buildSettings = {
				ASSETCATALOG_COMPILER_APPICON_NAME = AppIcon;
				CODE_SIGN_STYLE = Automatic;
				DEVELOPMENT_TEAM = PFRM48W6T3;
				INFOPLIST_FILE = TabExample/Info.plist;
				IPHONEOS_DEPLOYMENT_TARGET = 9.3;
				LD_RUNPATH_SEARCH_PATHS = "$(inherited) @executable_path/Frameworks";
				PRODUCT_BUNDLE_IDENTIFIER = hms.TabExample;
				PRODUCT_NAME = "$(TARGET_NAME)";
				SWIFT_VERSION = 4.0;
				TARGETED_DEVICE_FAMILY = "1,2";
			};
			name = Release;
		};
		550EF18720C517080077B34C /* Debug */ = {
			isa = XCBuildConfiguration;
			buildSettings = {
				ALWAYS_EMBED_SWIFT_STANDARD_LIBRARIES = YES;
				BUNDLE_LOADER = "$(TEST_HOST)";
				CODE_SIGN_STYLE = Automatic;
				DEVELOPMENT_TEAM = PFRM48W6T3;
				INFOPLIST_FILE = TabExampleTests/Info.plist;
				LD_RUNPATH_SEARCH_PATHS = "$(inherited) @executable_path/Frameworks @loader_path/Frameworks";
				PRODUCT_BUNDLE_IDENTIFIER = hms.TabExampleTests;
				PRODUCT_NAME = "$(TARGET_NAME)";
				SWIFT_VERSION = 4.0;
				TARGETED_DEVICE_FAMILY = "1,2";
				TEST_HOST = "$(BUILT_PRODUCTS_DIR)/TabExample.app/TabExample";
			};
			name = Debug;
		};
		550EF18820C517080077B34C /* Release */ = {
			isa = XCBuildConfiguration;
			buildSettings = {
				ALWAYS_EMBED_SWIFT_STANDARD_LIBRARIES = YES;
				BUNDLE_LOADER = "$(TEST_HOST)";
				CODE_SIGN_STYLE = Automatic;
				DEVELOPMENT_TEAM = PFRM48W6T3;
				INFOPLIST_FILE = TabExampleTests/Info.plist;
				LD_RUNPATH_SEARCH_PATHS = "$(inherited) @executable_path/Frameworks @loader_path/Frameworks";
				PRODUCT_BUNDLE_IDENTIFIER = hms.TabExampleTests;
				PRODUCT_NAME = "$(TARGET_NAME)";
				SWIFT_VERSION = 4.0;
				TARGETED_DEVICE_FAMILY = "1,2";
				TEST_HOST = "$(BUILT_PRODUCTS_DIR)/TabExample.app/TabExample";
			};
			name = Release;
		};
/* End XCBuildConfiguration section */

/* Begin XCConfigurationList section */
		550EF15F20C517050077B34C /* Build configuration list for PBXProject "TabExample" */ = {
			isa = XCConfigurationList;
			buildConfigurations = (
				550EF18120C517080077B34C /* Debug */,
				550EF18220C517080077B34C /* Release */,
			);
			defaultConfigurationIsVisible = 0;
			defaultConfigurationName = Release;
		};
		550EF18320C517080077B34C /* Build configuration list for PBXNativeTarget "TabExample" */ = {
			isa = XCConfigurationList;
			buildConfigurations = (
				550EF18420C517080077B34C /* Debug */,
				550EF18520C517080077B34C /* Release */,
			);
			defaultConfigurationIsVisible = 0;
			defaultConfigurationName = Release;
		};
		550EF18620C517080077B34C /* Build configuration list for PBXNativeTarget "TabExampleTests" */ = {
			isa = XCConfigurationList;
			buildConfigurations = (
				550EF18720C517080077B34C /* Debug */,
				550EF18820C517080077B34C /* Release */,
			);
			defaultConfigurationIsVisible = 0;
			defaultConfigurationName = Release;
		};
/* End XCConfigurationList section */
	};
	rootObject = 550EF15C20C517050077B34C /* Project object */;
}
